{
  "object": {
    "pins": [
      {
        "package": "ProgressHUD",
        "repositoryURL": "https://github.com/relatedcode/ProgressHUD.git",
        "state": {
          "branch": null,
          "revision": "22c3f83268b4c47b4623fe3a9701af7310fa8d8a",
          "version": "13.6.1"
        }
      },
      {
        "package": "SDWebImage",
        "repositoryURL": "https://github.com/SDWebImage/SDWebImage.git",
        "state": {
          "branch": null,
          "revision": "2c53f531f1bedd253f55d85105409c28ed4a922c",
          "version": "5.12.3"
        }
      }
    ]
  },
  "version": 1
}
