// !$*UTF8*$!
{
	archiveVersion = 1;
	classes = {
	};
	objectVersion = 55;
	objects = {

/* Begin PBXBuildFile section */
		10F7401D27BD3CA600948DA9 /* AppDelegate.swift in Sources */ = {isa = PBXBuildFile; fileRef = 10F7401C27BD3CA600948DA9 /* AppDelegate.swift */; };
		10F7401F27BD3CA600948DA9 /* SceneDelegate.swift in Sources */ = {isa = PBXBuildFile; fileRef = 10F7401E27BD3CA600948DA9 /* SceneDelegate.swift */; };
		10F7402127BD3CA600948DA9 /* MainTabBarViewController.swift in Sources */ = {isa = PBXBuildFile; fileRef = 10F7402027BD3CA600948DA9 /* MainTabBarViewController.swift */; };
		10F7402627BD3CA700948DA9 /* Assets.xcassets in Resources */ = {isa = PBXBuildFile; fileRef = 10F7402527BD3CA700948DA9 /* Assets.xcassets */; };
		10F7402927BD3CA700948DA9 /* LaunchScreen.storyboard in Resources */ = {isa = PBXBuildFile; fileRef = 10F7402727BD3CA700948DA9 /* LaunchScreen.storyboard */; };
		10F7403227BD3F5B00948DA9 /* HomeViewController.swift in Sources */ = {isa = PBXBuildFile; fileRef = 10F7403127BD3F5B00948DA9 /* HomeViewController.swift */; };
		10F7403427BD3F9B00948DA9 /* UpCommingViewController.swift in Sources */ = {isa = PBXBuildFile; fileRef = 10F7403327BD3F9B00948DA9 /* UpCommingViewController.swift */; };
		10F7403627BD400D00948DA9 /* SearchViewController.swift in Sources */ = {isa = PBXBuildFile; fileRef = 10F7403527BD400D00948DA9 /* SearchViewController.swift */; };
		10F7403827BD402000948DA9 /* DownloadViewController.swift in Sources */ = {isa = PBXBuildFile; fileRef = 10F7403727BD402000948DA9 /* DownloadViewController.swift */; };
		10F7404027BD53C000948DA9 /* CollectionViewTableCell.swift in Sources */ = {isa = PBXBuildFile; fileRef = 10F7403F27BD53C000948DA9 /* CollectionViewTableCell.swift */; };
		10F7404227BD807600948DA9 /* HeroHeaderView.swift in Sources */ = {isa = PBXBuildFile; fileRef = 10F7404127BD807600948DA9 /* HeroHeaderView.swift */; };
		10F7404427BE8DC100948DA9 /* APICaller.swift in Sources */ = {isa = PBXBuildFile; fileRef = 10F7404327BE8DC000948DA9 /* APICaller.swift */; };
		10F7404627BFA8A700948DA9 /* Movie.swift in Sources */ = {isa = PBXBuildFile; fileRef = 10F7404527BFA8A700948DA9 /* Movie.swift */; };
		10F7404927C09F9E00948DA9 /* String+Ext.swift in Sources */ = {isa = PBXBuildFile; fileRef = 10F7404827C09F9E00948DA9 /* String+Ext.swift */; };
		10F7404B27C1035100948DA9 /* TitleCollectionViewCell.swift in Sources */ = {isa = PBXBuildFile; fileRef = 10F7404A27C1035100948DA9 /* TitleCollectionViewCell.swift */; };
		10F7404E27C1145F00948DA9 /* SDWebImage in Frameworks */ = {isa = PBXBuildFile; productRef = 10F7404D27C1145F00948DA9 /* SDWebImage */; };
		10F7405027C1145F00948DA9 /* SDWebImageMapKit in Frameworks */ = {isa = PBXBuildFile; productRef = 10F7404F27C1145F00948DA9 /* SDWebImageMapKit */; };
		10F7405227C12ECD00948DA9 /* Constants.swift in Sources */ = {isa = PBXBuildFile; fileRef = 10F7405127C12ECD00948DA9 /* Constants.swift */; };
/* End PBXBuildFile section */

/* Begin PBXFileReference section */
		10F7401927BD3CA600948DA9 /* Netflix-Clone.app */ = {isa = PBXFileReference; explicitFileType = wrapper.application; includeInIndex = 0; path = "Netflix-Clone.app"; sourceTree = BUILT_PRODUCTS_DIR; };
		10F7401C27BD3CA600948DA9 /* AppDelegate.swift */ = {isa = PBXFileReference; lastKnownFileType = sourcecode.swift; path = AppDelegate.swift; sourceTree = "<group>"; };
		10F7401E27BD3CA600948DA9 /* SceneDelegate.swift */ = {isa = PBXFileReference; lastKnownFileType = sourcecode.swift; path = SceneDelegate.swift; sourceTree = "<group>"; };
		10F7402027BD3CA600948DA9 /* MainTabBarViewController.swift */ = {isa = PBXFileReference; lastKnownFileType = sourcecode.swift; path = MainTabBarViewController.swift; sourceTree = "<group>"; };
		10F7402527BD3CA700948DA9 /* Assets.xcassets */ = {isa = PBXFileReference; lastKnownFileType = folder.assetcatalog; path = Assets.xcassets; sourceTree = "<group>"; };
		10F7402827BD3CA700948DA9 /* Base */ = {isa = PBXFileReference; lastKnownFileType = file.storyboard; name = Base; path = Base.lproj/LaunchScreen.storyboard; sourceTree = "<group>"; };
		10F7402A27BD3CA700948DA9 /* Info.plist */ = {isa = PBXFileReference; lastKnownFileType = text.plist.xml; path = Info.plist; sourceTree = "<group>"; };
		10F7403127BD3F5B00948DA9 /* HomeViewController.swift */ = {isa = PBXFileReference; lastKnownFileType = sourcecode.swift; path = HomeViewController.swift; sourceTree = "<group>"; };
		10F7403327BD3F9B00948DA9 /* UpCommingViewController.swift */ = {isa = PBXFileReference; lastKnownFileType = sourcecode.swift; path = UpCommingViewController.swift; sourceTree = "<group>"; };
		10F7403527BD400D00948DA9 /* SearchViewController.swift */ = {isa = PBXFileReference; lastKnownFileType = sourcecode.swift; path = SearchViewController.swift; sourceTree = "<group>"; };
		10F7403727BD402000948DA9 /* DownloadViewController.swift */ = {isa = PBXFileReference; lastKnownFileType = sourcecode.swift; path = DownloadViewController.swift; sourceTree = "<group>"; };
		10F7403F27BD53C000948DA9 /* CollectionViewTableCell.swift */ = {isa = PBXFileReference; lastKnownFileType = sourcecode.swift; path = CollectionViewTableCell.swift; sourceTree = "<group>"; };
		10F7404127BD807600948DA9 /* HeroHeaderView.swift */ = {isa = PBXFileReference; lastKnownFileType = sourcecode.swift; path = HeroHeaderView.swift; sourceTree = "<group>"; };
		10F7404327BE8DC000948DA9 /* APICaller.swift */ = {isa = PBXFileReference; lastKnownFileType = sourcecode.swift; path = APICaller.swift; sourceTree = "<group>"; };
		10F7404527BFA8A700948DA9 /* Movie.swift */ = {isa = PBXFileReference; lastKnownFileType = sourcecode.swift; path = Movie.swift; sourceTree = "<group>"; };
		10F7404827C09F9E00948DA9 /* String+Ext.swift */ = {isa = PBXFileReference; lastKnownFileType = sourcecode.swift; path = "String+Ext.swift"; sourceTree = "<group>"; };
		10F7404A27C1035100948DA9 /* TitleCollectionViewCell.swift */ = {isa = PBXFileReference; lastKnownFileType = sourcecode.swift; path = TitleCollectionViewCell.swift; sourceTree = "<group>"; };
		10F7405127C12ECD00948DA9 /* Constants.swift */ = {isa = PBXFileReference; lastKnownFileType = sourcecode.swift; path = Constants.swift; sourceTree = "<group>"; };
/* End PBXFileReference section */

/* Begin PBXFrameworksBuildPhase section */
		10F7401627BD3CA600948DA9 /* Frameworks */ = {
			isa = PBXFrameworksBuildPhase;
			buildActionMask = 2147483647;
			files = (
				10F7405027C1145F00948DA9 /* SDWebImageMapKit in Frameworks */,
				10F7404E27C1145F00948DA9 /* SDWebImage in Frameworks */,
			);
			runOnlyForDeploymentPostprocessing = 0;
		};
/* End PBXFrameworksBuildPhase section */

/* Begin PBXGroup section */
		10F7401027BD3CA600948DA9 = {
			isa = PBXGroup;
			children = (
				10F7401B27BD3CA600948DA9 /* Netflix-Clone */,
				10F7401A27BD3CA600948DA9 /* Products */,
			);
			sourceTree = "<group>";
		};
		10F7401A27BD3CA600948DA9 /* Products */ = {
			isa = PBXGroup;
			children = (
				10F7401927BD3CA600948DA9 /* Netflix-Clone.app */,
			);
			name = Products;
			sourceTree = "<group>";
		};
		10F7401B27BD3CA600948DA9 /* Netflix-Clone */ = {
			isa = PBXGroup;
			children = (
				10F7403C27BD534200948DA9 /* Resources */,
				10F7405327C12FCD00948DA9 /* Utilits */,
				10F7404727C09F7F00948DA9 /* Extentions */,
				10F7403D27BD535500948DA9 /* Network Manager */,
				10F7403B27BD52FF00948DA9 /* Models */,
				10F7403A27BD52F200948DA9 /* ViewModels */,
				10F7403927BD52DB00948DA9 /* Views */,
				10F7403027BD3F3B00948DA9 /* Controllers */,
				10F7402027BD3CA600948DA9 /* MainTabBarViewController.swift */,
				10F7402727BD3CA700948DA9 /* LaunchScreen.storyboard */,
				10F7402A27BD3CA700948DA9 /* Info.plist */,
			);
			path = "Netflix-Clone";
			sourceTree = "<group>";
		};
		10F7403027BD3F3B00948DA9 /* Controllers */ = {
			isa = PBXGroup;
			children = (
				10F7403127BD3F5B00948DA9 /* HomeViewController.swift */,
				10F7403327BD3F9B00948DA9 /* UpCommingViewController.swift */,
				10F7403527BD400D00948DA9 /* SearchViewController.swift */,
				10F7403727BD402000948DA9 /* DownloadViewController.swift */,
			);
			path = Controllers;
			sourceTree = "<group>";
		};
		10F7403927BD52DB00948DA9 /* Views */ = {
			isa = PBXGroup;
			children = (
				10F7403E27BD537D00948DA9 /* CustomViews */,
				10F7404127BD807600948DA9 /* HeroHeaderView.swift */,
			);
			path = Views;
			sourceTree = "<group>";
		};
		10F7403A27BD52F200948DA9 /* ViewModels */ = {
			isa = PBXGroup;
			children = (
			);
			path = ViewModels;
			sourceTree = "<group>";
		};
		10F7403B27BD52FF00948DA9 /* Models */ = {
			isa = PBXGroup;
			children = (
				10F7404527BFA8A700948DA9 /* Movie.swift */,
			);
			path = Models;
			sourceTree = "<group>";
		};
		10F7403C27BD534200948DA9 /* Resources */ = {
			isa = PBXGroup;
			children = (
				10F7401E27BD3CA600948DA9 /* SceneDelegate.swift */,
				10F7401C27BD3CA600948DA9 /* AppDelegate.swift */,
				10F7402527BD3CA700948DA9 /* Assets.xcassets */,
			);
			path = Resources;
			sourceTree = "<group>";
		};
		10F7403D27BD535500948DA9 /* Network Manager */ = {
			isa = PBXGroup;
			children = (
				10F7404327BE8DC000948DA9 /* APICaller.swift */,
			);
			path = "Network Manager";
			sourceTree = "<group>";
		};
		10F7403E27BD537D00948DA9 /* CustomViews */ = {
			isa = PBXGroup;
			children = (
				10F7403F27BD53C000948DA9 /* CollectionViewTableCell.swift */,
				10F7404A27C1035100948DA9 /* TitleCollectionViewCell.swift */,
			);
			path = CustomViews;
			sourceTree = "<group>";
		};
		10F7404727C09F7F00948DA9 /* Extentions */ = {
			isa = PBXGroup;
			children = (
				10F7404827C09F9E00948DA9 /* String+Ext.swift */,
			);
			path = Extentions;
			sourceTree = "<group>";
		};
		10F7405327C12FCD00948DA9 /* Utilits */ = {
			isa = PBXGroup;
			children = (
				10F7405127C12ECD00948DA9 /* Constants.swift */,
			);
			path = Utilits;
			sourceTree = "<group>";
		};
/* End PBXGroup section */

/* Begin PBXNativeTarget section */
		10F7401827BD3CA600948DA9 /* Netflix-Clone */ = {
			isa = PBXNativeTarget;
			buildConfigurationList = 10F7402D27BD3CA700948DA9 /* Build configuration list for PBXNativeTarget "Netflix-Clone" */;
			buildPhases = (
				10F7401527BD3CA600948DA9 /* Sources */,
				10F7401627BD3CA600948DA9 /* Frameworks */,
				10F7401727BD3CA600948DA9 /* Resources */,
			);
			buildRules = (
			);
			dependencies = (
			);
			name = "Netflix-Clone";
			packageProductDependencies = (
				10F7404D27C1145F00948DA9 /* SDWebImage */,
				10F7404F27C1145F00948DA9 /* SDWebImageMapKit */,
			);
			productName = "Netflix-Clone";
			productReference = 10F7401927BD3CA600948DA9 /* Netflix-Clone.app */;
			productType = "com.apple.product-type.application";
		};
/* End PBXNativeTarget section */

/* Begin PBXProject section */
		10F7401127BD3CA600948DA9 /* Project object */ = {
			isa = PBXProject;
			attributes = {
				BuildIndependentTargetsInParallel = 1;
				LastSwiftUpdateCheck = 1320;
				LastUpgradeCheck = 1320;
				TargetAttributes = {
					10F7401827BD3CA600948DA9 = {
						CreatedOnToolsVersion = 13.2.1;
					};
				};
			};
			buildConfigurationList = 10F7401427BD3CA600948DA9 /* Build configuration list for PBXProject "Netflix-Clone" */;
			compatibilityVersion = "Xcode 13.0";
			developmentRegion = en;
			hasScannedForEncodings = 0;
			knownRegions = (
				en,
				Base,
			);
			mainGroup = 10F7401027BD3CA600948DA9;
			packageReferences = (
				10F7404C27C1145F00948DA9 /* XCRemoteSwiftPackageReference "SDWebImage" */,
			);
			productRefGroup = 10F7401A27BD3CA600948DA9 /* Products */;
			projectDirPath = "";
			projectRoot = "";
			targets = (
				10F7401827BD3CA600948DA9 /* Netflix-Clone */,
			);
		};
/* End PBXProject section */

/* Begin PBXResourcesBuildPhase section */
		10F7401727BD3CA600948DA9 /* Resources */ = {
			isa = PBXResourcesBuildPhase;
			buildActionMask = 2147483647;
			files = (
				10F7402927BD3CA700948DA9 /* LaunchScreen.storyboard in Resources */,
				10F7402627BD3CA700948DA9 /* Assets.xcassets in Resources */,
			);
			runOnlyForDeploymentPostprocessing = 0;
		};
/* End PBXResourcesBuildPhase section */

/* Begin PBXSourcesBuildPhase section */
		10F7401527BD3CA600948DA9 /* Sources */ = {
			isa = PBXSourcesBuildPhase;
			buildActionMask = 2147483647;
			files = (
				10F7403627BD400D00948DA9 /* SearchViewController.swift in Sources */,
				10F7404B27C1035100948DA9 /* TitleCollectionViewCell.swift in Sources */,
				10F7402127BD3CA600948DA9 /* MainTabBarViewController.swift in Sources */,
				10F7404027BD53C000948DA9 /* CollectionViewTableCell.swift in Sources */,
				10F7404427BE8DC100948DA9 /* APICaller.swift in Sources */,
				10F7403427BD3F9B00948DA9 /* UpCommingViewController.swift in Sources */,
				10F7404227BD807600948DA9 /* HeroHeaderView.swift in Sources */,
				10F7404927C09F9E00948DA9 /* String+Ext.swift in Sources */,
				10F7403827BD402000948DA9 /* DownloadViewController.swift in Sources */,
				10F7401D27BD3CA600948DA9 /* AppDelegate.swift in Sources */,
				10F7401F27BD3CA600948DA9 /* SceneDelegate.swift in Sources */,
				10F7405227C12ECD00948DA9 /* Constants.swift in Sources */,
				10F7404627BFA8A700948DA9 /* Movie.swift in Sources */,
				10F7403227BD3F5B00948DA9 /* HomeViewController.swift in Sources */,
			);
			runOnlyForDeploymentPostprocessing = 0;
		};
/* End PBXSourcesBuildPhase section */

/* Begin PBXVariantGroup section */
		10F7402727BD3CA700948DA9 /* LaunchScreen.storyboard */ = {
			isa = PBXVariantGroup;
			children = (
				10F7402827BD3CA700948DA9 /* Base */,
			);
			name = LaunchScreen.storyboard;
			sourceTree = "<group>";
		};
/* End PBXVariantGroup section */

/* Begin XCBuildConfiguration section */
		10F7402B27BD3CA700948DA9 /* Debug */ = {
			isa = XCBuildConfiguration;
			buildSettings = {
				ALWAYS_SEARCH_USER_PATHS = NO;
				CLANG_ANALYZER_NONNULL = YES;
				CLANG_ANALYZER_NUMBER_OBJECT_CONVERSION = YES_AGGRESSIVE;
				CLANG_CXX_LANGUAGE_STANDARD = "gnu++17";
				CLANG_CXX_LIBRARY = "libc++";
				CLANG_ENABLE_MODULES = YES;
				CLANG_ENABLE_OBJC_ARC = YES;
				CLANG_ENABLE_OBJC_WEAK = YES;
				CLANG_WARN_BLOCK_CAPTURE_AUTORELEASING = YES;
				CLANG_WARN_BOOL_CONVERSION = YES;
				CLANG_WARN_COMMA = YES;
				CLANG_WARN_CONSTANT_CONVERSION = YES;
				CLANG_WARN_DEPRECATED_OBJC_IMPLEMENTATIONS = YES;
				CLANG_WARN_DIRECT_OBJC_ISA_USAGE = YES_ERROR;
				CLANG_WARN_DOCUMENTATION_COMMENTS = YES;
				CLANG_WARN_EMPTY_BODY = YES;
				CLANG_WARN_ENUM_CONVERSION = YES;
				CLANG_WARN_INFINITE_RECURSION = YES;
				CLANG_WARN_INT_CONVERSION = YES;
				CLANG_WARN_NON_LITERAL_NULL_CONVERSION = YES;
				CLANG_WARN_OBJC_IMPLICIT_RETAIN_SELF = YES;
				CLANG_WARN_OBJC_LITERAL_CONVERSION = YES;
				CLANG_WARN_OBJC_ROOT_CLASS = YES_ERROR;
				CLANG_WARN_QUOTED_INCLUDE_IN_FRAMEWORK_HEADER = YES;
				CLANG_WARN_RANGE_LOOP_ANALYSIS = YES;
				CLANG_WARN_STRICT_PROTOTYPES = YES;
				CLANG_WARN_SUSPICIOUS_MOVE = YES;
				CLANG_WARN_UNGUARDED_AVAILABILITY = YES_AGGRESSIVE;
				CLANG_WARN_UNREACHABLE_CODE = YES;
				CLANG_WARN__DUPLICATE_METHOD_MATCH = YES;
				COPY_PHASE_STRIP = NO;
				DEBUG_INFORMATION_FORMAT = dwarf;
				ENABLE_STRICT_OBJC_MSGSEND = YES;
				ENABLE_TESTABILITY = YES;
				GCC_C_LANGUAGE_STANDARD = gnu11;
				GCC_DYNAMIC_NO_PIC = NO;
				GCC_NO_COMMON_BLOCKS = YES;
				GCC_OPTIMIZATION_LEVEL = 0;
				GCC_PREPROCESSOR_DEFINITIONS = (
					"DEBUG=1",
					"$(inherited)",
				);
				GCC_WARN_64_TO_32_BIT_CONVERSION = YES;
				GCC_WARN_ABOUT_RETURN_TYPE = YES_ERROR;
				GCC_WARN_UNDECLARED_SELECTOR = YES;
				GCC_WARN_UNINITIALIZED_AUTOS = YES_AGGRESSIVE;
				GCC_WARN_UNUSED_FUNCTION = YES;
				GCC_WARN_UNUSED_VARIABLE = YES;
				IPHONEOS_DEPLOYMENT_TARGET = 15.2;
				MTL_ENABLE_DEBUG_INFO = INCLUDE_SOURCE;
				MTL_FAST_MATH = YES;
				ONLY_ACTIVE_ARCH = YES;
				SDKROOT = iphoneos;
				SWIFT_ACTIVE_COMPILATION_CONDITIONS = DEBUG;
				SWIFT_OPTIMIZATION_LEVEL = "-Onone";
			};
			name = Debug;
		};
		10F7402C27BD3CA700948DA9 /* Release */ = {
			isa = XCBuildConfiguration;
			buildSettings = {
				ALWAYS_SEARCH_USER_PATHS = NO;
				CLANG_ANALYZER_NONNULL = YES;
				CLANG_ANALYZER_NUMBER_OBJECT_CONVERSION = YES_AGGRESSIVE;
				CLANG_CXX_LANGUAGE_STANDARD = "gnu++17";
				CLANG_CXX_LIBRARY = "libc++";
				CLANG_ENABLE_MODULES = YES;
				CLANG_ENABLE_OBJC_ARC = YES;
				CLANG_ENABLE_OBJC_WEAK = YES;
				CLANG_WARN_BLOCK_CAPTURE_AUTORELEASING = YES;
				CLANG_WARN_BOOL_CONVERSION = YES;
				CLANG_WARN_COMMA = YES;
				CLANG_WARN_CONSTANT_CONVERSION = YES;
				CLANG_WARN_DEPRECATED_OBJC_IMPLEMENTATIONS = YES;
				CLANG_WARN_DIRECT_OBJC_ISA_USAGE = YES_ERROR;
				CLANG_WARN_DOCUMENTATION_COMMENTS = YES;
				CLANG_WARN_EMPTY_BODY = YES;
				CLANG_WARN_ENUM_CONVERSION = YES;
				CLANG_WARN_INFINITE_RECURSION = YES;
				CLANG_WARN_INT_CONVERSION = YES;
				CLANG_WARN_NON_LITERAL_NULL_CONVERSION = YES;
				CLANG_WARN_OBJC_IMPLICIT_RETAIN_SELF = YES;
				CLANG_WARN_OBJC_LITERAL_CONVERSION = YES;
				CLANG_WARN_OBJC_ROOT_CLASS = YES_ERROR;
				CLANG_WARN_QUOTED_INCLUDE_IN_FRAMEWORK_HEADER = YES;
				CLANG_WARN_RANGE_LOOP_ANALYSIS = YES;
				CLANG_WARN_STRICT_PROTOTYPES = YES;
				CLANG_WARN_SUSPICIOUS_MOVE = YES;
				CLANG_WARN_UNGUARDED_AVAILABILITY = YES_AGGRESSIVE;
				CLANG_WARN_UNREACHABLE_CODE = YES;
				CLANG_WARN__DUPLICATE_METHOD_MATCH = YES;
				COPY_PHASE_STRIP = NO;
				DEBUG_INFORMATION_FORMAT = "dwarf-with-dsym";
				ENABLE_NS_ASSERTIONS = NO;
				ENABLE_STRICT_OBJC_MSGSEND = YES;
				GCC_C_LANGUAGE_STANDARD = gnu11;
				GCC_NO_COMMON_BLOCKS = YES;
				GCC_WARN_64_TO_32_BIT_CONVERSION = YES;
				GCC_WARN_ABOUT_RETURN_TYPE = YES_ERROR;
				GCC_WARN_UNDECLARED_SELECTOR = YES;
				GCC_WARN_UNINITIALIZED_AUTOS = YES_AGGRESSIVE;
				GCC_WARN_UNUSED_FUNCTION = YES;
				GCC_WARN_UNUSED_VARIABLE = YES;
				IPHONEOS_DEPLOYMENT_TARGET = 15.2;
				MTL_ENABLE_DEBUG_INFO = NO;
				MTL_FAST_MATH = YES;
				SDKROOT = iphoneos;
				SWIFT_COMPILATION_MODE = wholemodule;
				SWIFT_OPTIMIZATION_LEVEL = "-O";
				VALIDATE_PRODUCT = YES;
			};
			name = Release;
		};
		10F7402E27BD3CA700948DA9 /* Debug */ = {
			isa = XCBuildConfiguration;
			buildSettings = {
				ASSETCATALOG_COMPILER_APPICON_NAME = AppIcon;
				ASSETCATALOG_COMPILER_GLOBAL_ACCENT_COLOR_NAME = AccentColor;
				CODE_SIGN_STYLE = Automatic;
				CURRENT_PROJECT_VERSION = 1;
				DEVELOPMENT_TEAM = 4QS25S2FVW;
				GENERATE_INFOPLIST_FILE = YES;
				INFOPLIST_FILE = "Netflix-Clone/Info.plist";
				INFOPLIST_KEY_UIApplicationSupportsIndirectInputEvents = YES;
				INFOPLIST_KEY_UILaunchStoryboardName = LaunchScreen;
				INFOPLIST_KEY_UISupportedInterfaceOrientations_iPad = "UIInterfaceOrientationPortrait UIInterfaceOrientationPortraitUpsideDown UIInterfaceOrientationLandscapeLeft UIInterfaceOrientationLandscapeRight";
				INFOPLIST_KEY_UISupportedInterfaceOrientations_iPhone = "UIInterfaceOrientationPortrait UIInterfaceOrientationLandscapeLeft UIInterfaceOrientationLandscapeRight";
				LD_RUNPATH_SEARCH_PATHS = (
					"$(inherited)",
					"@executable_path/Frameworks",
				);
				MARKETING_VERSION = 1.0;
				PRODUCT_BUNDLE_IDENTIFIER = "com.abdorizak.Netflix-Clone";
				PRODUCT_NAME = "$(TARGET_NAME)";
				SWIFT_EMIT_LOC_STRINGS = YES;
				SWIFT_VERSION = 5.0;
				TARGETED_DEVICE_FAMILY = "1,2";
			};
			name = Debug;
		};
		10F7402F27BD3CA700948DA9 /* Release */ = {
			isa = XCBuildConfiguration;
			buildSettings = {
				ASSETCATALOG_COMPILER_APPICON_NAME = AppIcon;
				ASSETCATALOG_COMPILER_GLOBAL_ACCENT_COLOR_NAME = AccentColor;
				CODE_SIGN_STYLE = Automatic;
				CURRENT_PROJECT_VERSION = 1;
				DEVELOPMENT_TEAM = 4QS25S2FVW;
				GENERATE_INFOPLIST_FILE = YES;
				INFOPLIST_FILE = "Netflix-Clone/Info.plist";
				INFOPLIST_KEY_UIApplicationSupportsIndirectInputEvents = YES;
				INFOPLIST_KEY_UILaunchStoryboardName = LaunchScreen;
				INFOPLIST_KEY_UISupportedInterfaceOrientations_iPad = "UIInterfaceOrientationPortrait UIInterfaceOrientationPortraitUpsideDown UIInterfaceOrientationLandscapeLeft UIInterfaceOrientationLandscapeRight";
				INFOPLIST_KEY_UISupportedInterfaceOrientations_iPhone = "UIInterfaceOrientationPortrait UIInterfaceOrientationLandscapeLeft UIInterfaceOrientationLandscapeRight";
				LD_RUNPATH_SEARCH_PATHS = (
					"$(inherited)",
					"@executable_path/Frameworks",
				);
				MARKETING_VERSION = 1.0;
				PRODUCT_BUNDLE_IDENTIFIER = "com.abdorizak.Netflix-Clone";
				PRODUCT_NAME = "$(TARGET_NAME)";
				SWIFT_EMIT_LOC_STRINGS = YES;
				SWIFT_VERSION = 5.0;
				TARGETED_DEVICE_FAMILY = "1,2";
			};
			name = Release;
		};
/* End XCBuildConfiguration section */

/* Begin XCConfigurationList section */
		10F7401427BD3CA600948DA9 /* Build configuration list for PBXProject "Netflix-Clone" */ = {
			isa = XCConfigurationList;
			buildConfigurations = (
				10F7402B27BD3CA700948DA9 /* Debug */,
				10F7402C27BD3CA700948DA9 /* Release */,
			);
			defaultConfigurationIsVisible = 0;
			defaultConfigurationName = Release;
		};
		10F7402D27BD3CA700948DA9 /* Build configuration list for PBXNativeTarget "Netflix-Clone" */ = {
			isa = XCConfigurationList;
			buildConfigurations = (
				10F7402E27BD3CA700948DA9 /* Debug */,
				10F7402F27BD3CA700948DA9 /* Release */,
			);
			defaultConfigurationIsVisible = 0;
			defaultConfigurationName = Release;
		};
/* End XCConfigurationList section */

/* Begin XCRemoteSwiftPackageReference section */
		10F7404C27C1145F00948DA9 /* XCRemoteSwiftPackageReference "SDWebImage" */ = {
			isa = XCRemoteSwiftPackageReference;
			repositoryURL = "https://github.com/SDWebImage/SDWebImage.git";
			requirement = {
				kind = upToNextMajorVersion;
				minimumVersion = 5.0.0;
			};
		};
/* End XCRemoteSwiftPackageReference section */

/* Begin XCSwiftPackageProductDependency section */
		10F7404D27C1145F00948DA9 /* SDWebImage */ = {
			isa = XCSwiftPackageProductDependency;
			package = 10F7404C27C1145F00948DA9 /* XCRemoteSwiftPackageReference "SDWebImage" */;
			productName = SDWebImage;
		};
		10F7404F27C1145F00948DA9 /* SDWebImageMapKit */ = {
			isa = XCSwiftPackageProductDependency;
			package = 10F7404C27C1145F00948DA9 /* XCRemoteSwiftPackageReference "SDWebImage" */;
			productName = SDWebImageMapKit;
		};
/* End XCSwiftPackageProductDependency section */
	};
	rootObject = 10F7401127BD3CA600948DA9 /* Project object */;
}
